
Microsoft Visual Studio Solution File, Format Version 12.00
# Visual Studio Version 17
VisualStudioVersion = 17.11.35219.272
MinimumVisualStudioVersion = 10.0.40219.1
Project("{FAE04EC0-301F-11D3-BF4B-00C04F79EFBC}") = "Football", "Football.csproj", "{C3706D2B-7F4E-449C-BAC4-BC509B79ECC4}"
EndProject
Global
	GlobalSection(SolutionConfigurationPlatforms) = preSolution
		Debug|Any CPU = Debug|Any CPU
		Release|Any CPU = Release|Any CPU
	EndGlobalSection
	GlobalSection(ProjectConfigurationPlatforms) = postSolution
		{C3706D2B-7F4E-449C-BAC4-BC509B79ECC4}.Debug|Any CPU.ActiveCfg = Debug|Any CPU
		{C3706D2B-7F4E-449C-BAC4-BC509B79ECC4}.Debug|Any CPU.Build.0 = Debug|Any CPU
		{C3706D2B-7F4E-449C-BAC4-BC509B79ECC4}.Release|Any CPU.ActiveCfg = Release|Any CPU
		{C3706D2B-7F4E-449C-BAC4-BC509B79ECC4}.Release|Any CPU.Build.0 = Release|Any CPU
	EndGlobalSection
	GlobalSection(SolutionProperties) = preSolution
		HideSolutionNode = FALSE
	EndGlobalSection
	GlobalSection(ExtensibilityGlobals) = postSolution
		SolutionGuid = {8835085D-3000-4F64-ACCC-8C4AD49CC5EB}
	EndGlobalSection
EndGlobal
